Microsoft Visual Studio Solution File, Format Version 11.00
# Visual Studio 2008

Project("{01F1A9C7-85D7-F2E1-596C-5842D2ED6B26}") = "Global Game Jam", "Assembly-CSharp-firstpass.csproj", "{9859D104-24B1-071C-4506-E30B69862DA4}"
EndProject
Project("{01F1A9C7-85D7-F2E1-596C-5842D2ED6B26}") = "Global Game Jam", "Assembly-CSharp.csproj", "{3137E974-ACBE-5581-A5DD-4607AD8F0AF5}"
EndProject
Project("{01F1A9C7-85D7-F2E1-596C-5842D2ED6B26}") = "Global Game Jam", "Assembly-UnityScript-firstpass.unityproj", "{A2E4E885-A805-F60D-6EF7-7CB193241C4E}"
EndProject
Project("{01F1A9C7-85D7-F2E1-596C-5842D2ED6B26}") = "Global Game Jam", "Assembly-UnityScript.unityproj", "{F995C3B0-E0D9-6E2C-3F61-F247187930F8}"
EndProject
Project("{01F1A9C7-85D7-F2E1-596C-5842D2ED6B26}") = "Global Game Jam", "Assembly-UnityScript-Editor.unityproj", "{7F3BDF79-7E5A-542D-7A8F-0E78452CDA22}"
EndProject
Global
	GlobalSection(SolutionConfigurationPlatforms) = preSolution
		Debug|Any CPU = Debug|Any CPU
		Release|Any CPU = Release|Any CPU
	EndGlobalSection
	GlobalSection(ProjectConfigurationPlatforms) = postSolution
		{9859D104-24B1-071C-4506-E30B69862DA4}.Debug|Any CPU.ActiveCfg = Debug|Any CPU
		{9859D104-24B1-071C-4506-E30B69862DA4}.Debug|Any CPU.Build.0 = Debug|Any CPU
		{9859D104-24B1-071C-4506-E30B69862DA4}.Release|Any CPU.ActiveCfg = Release|Any CPU
		{9859D104-24B1-071C-4506-E30B69862DA4}.Release|Any CPU.Build.0 = Release|Any CPU
		{3137E974-ACBE-5581-A5DD-4607AD8F0AF5}.Debug|Any CPU.ActiveCfg = Debug|Any CPU
		{3137E974-ACBE-5581-A5DD-4607AD8F0AF5}.Debug|Any CPU.Build.0 = Debug|Any CPU
		{3137E974-ACBE-5581-A5DD-4607AD8F0AF5}.Release|Any CPU.ActiveCfg = Release|Any CPU
		{3137E974-ACBE-5581-A5DD-4607AD8F0AF5}.Release|Any CPU.Build.0 = Release|Any CPU
		{A2E4E885-A805-F60D-6EF7-7CB193241C4E}.Debug|Any CPU.ActiveCfg = Debug|Any CPU
		{A2E4E885-A805-F60D-6EF7-7CB193241C4E}.Debug|Any CPU.Build.0 = Debug|Any CPU
		{A2E4E885-A805-F60D-6EF7-7CB193241C4E}.Release|Any CPU.ActiveCfg = Release|Any CPU
		{A2E4E885-A805-F60D-6EF7-7CB193241C4E}.Release|Any CPU.Build.0 = Release|Any CPU
		{F995C3B0-E0D9-6E2C-3F61-F247187930F8}.Debug|Any CPU.ActiveCfg = Debug|Any CPU
		{F995C3B0-E0D9-6E2C-3F61-F247187930F8}.Debug|Any CPU.Build.0 = Debug|Any CPU
		{F995C3B0-E0D9-6E2C-3F61-F247187930F8}.Release|Any CPU.ActiveCfg = Release|Any CPU
		{F995C3B0-E0D9-6E2C-3F61-F247187930F8}.Release|Any CPU.Build.0 = Release|Any CPU
		{7F3BDF79-7E5A-542D-7A8F-0E78452CDA22}.Debug|Any CPU.ActiveCfg = Debug|Any CPU
		{7F3BDF79-7E5A-542D-7A8F-0E78452CDA22}.Debug|Any CPU.Build.0 = Debug|Any CPU
		{7F3BDF79-7E5A-542D-7A8F-0E78452CDA22}.Release|Any CPU.ActiveCfg = Release|Any CPU
		{7F3BDF79-7E5A-542D-7A8F-0E78452CDA22}.Release|Any CPU.Build.0 = Release|Any CPU
	EndGlobalSection
	GlobalSection(SolutionProperties) = preSolution
		HideSolutionNode = FALSE
	EndGlobalSection
																																																							GlobalSection(MonoDevelopProperties) = preSolution
		StartupItem = Assembly-CSharp.csproj
		Policies = $0
		$0.TextStylePolicy = $1
		$1.inheritsSet = null
		$1.scope = text/x-csharp
		$0.CSharpFormattingPolicy = $2
		$2.inheritsSet = Mono
		$2.inheritsScope = text/x-csharp
		$2.scope = text/x-csharp
		$0.TextStylePolicy = $3
		$3.FileWidth = 120
		$3.TabWidth = 4
		$3.EolMarker = Unix
		$3.inheritsSet = Mono
		$3.inheritsScope = text/plain
		$3.scope = text/plain
	EndGlobalSection

EndGlobal
